
Microsoft Visual Studio Solution File, Format Version 12.00
# Visual Studio Version 16
VisualStudioVersion = 16.0.33027.164
MinimumVisualStudioVersion = 10.0.40219.1
Project("{FAE04EC0-301F-11D3-BF4B-00C04F79EFBC}") = "CurdApplication", "CurdApplication\CurdApplication.csproj", "{40FA5D37-2399-4442-809A-3E501B893DE4}"
EndProject
Global
	GlobalSection(SolutionConfigurationPlatforms) = preSolution
		Debug|Any CPU = Debug|Any CPU
		Release|Any CPU = Release|Any CPU
	EndGlobalSection
	GlobalSection(ProjectConfigurationPlatforms) = postSolution
		{40FA5D37-2399-4442-809A-3E501B893DE4}.Debug|Any CPU.ActiveCfg = Debug|Any CPU
		{40FA5D37-2399-4442-809A-3E501B893DE4}.Debug|Any CPU.Build.0 = Debug|Any CPU
		{40FA5D37-2399-4442-809A-3E501B893DE4}.Release|Any CPU.ActiveCfg = Release|Any CPU
		{40FA5D37-2399-4442-809A-3E501B893DE4}.Release|Any CPU.Build.0 = Release|Any CPU
	EndGlobalSection
	GlobalSection(SolutionProperties) = preSolution
		HideSolutionNode = FALSE
	EndGlobalSection
	GlobalSection(ExtensibilityGlobals) = postSolution
		SolutionGuid = {D1B9BBC3-29D2-42B3-8A69-5BE50FDFC0A6}
	EndGlobalSection
EndGlobal
